// !$*UTF8*$!
{
	archiveVersion = 1;
	classes = {
	};
	objectVersion = 55;
	objects = {

/* Begin PBXBuildFile section */
		67F387F227FE894D00480669 /* AppDelegate.swift in Sources */ = {isa = PBXBuildFile; fileRef = 67F387F127FE894D00480669 /* AppDelegate.swift */; };
		67F387F427FE894D00480669 /* SceneDelegate.swift in Sources */ = {isa = PBXBuildFile; fileRef = 67F387F327FE894D00480669 /* SceneDelegate.swift */; };
		67F387F627FE894D00480669 /* ViewController.swift in Sources */ = {isa = PBXBuildFile; fileRef = 67F387F527FE894D00480669 /* ViewController.swift */; };
		67F387F927FE894D00480669 /* Main.storyboard in Resources */ = {isa = PBXBuildFile; fileRef = 67F387F727FE894D00480669 /* Main.storyboard */; };
		67F387FB27FE895000480669 /* Assets.xcassets in Resources */ = {isa = PBXBuildFile; fileRef = 67F387FA27FE895000480669 /* Assets.xcassets */; };
		67F387FE27FE895000480669 /* LaunchScreen.storyboard in Resources */ = {isa = PBXBuildFile; fileRef = 67F387FC27FE895000480669 /* LaunchScreen.storyboard */; };
		67F3880927FE895000480669 /* TeacherLinkTests.swift in Sources */ = {isa = PBXBuildFile; fileRef = 67F3880827FE895000480669 /* TeacherLinkTests.swift */; };
		67F3881327FE895000480669 /* TeacherLinkUITests.swift in Sources */ = {isa = PBXBuildFile; fileRef = 67F3881227FE895000480669 /* TeacherLinkUITests.swift */; };
		67F3881527FE895000480669 /* TeacherLinkUITestsLaunchTests.swift in Sources */ = {isa = PBXBuildFile; fileRef = 67F3881427FE895000480669 /* TeacherLinkUITestsLaunchTests.swift */; };
/* End PBXBuildFile section */

/* Begin PBXContainerItemProxy section */
		67F3880527FE895000480669 /* PBXContainerItemProxy */ = {
			isa = PBXContainerItemProxy;
			containerPortal = 67F387E627FE894D00480669 /* Project object */;
			proxyType = 1;
			remoteGlobalIDString = 67F387ED27FE894D00480669;
			remoteInfo = TeacherLink;
		};
		67F3880F27FE895000480669 /* PBXContainerItemProxy */ = {
			isa = PBXContainerItemProxy;
			containerPortal = 67F387E627FE894D00480669 /* Project object */;
			proxyType = 1;
			remoteGlobalIDString = 67F387ED27FE894D00480669;
			remoteInfo = TeacherLink;
		};
/* End PBXContainerItemProxy section */

/* Begin PBXFileReference section */
		67F387EE27FE894D00480669 /* TeacherLink.app */ = {isa = PBXFileReference; explicitFileType = wrapper.application; includeInIndex = 0; path = TeacherLink.app; sourceTree = BUILT_PRODUCTS_DIR; };
		67F387F127FE894D00480669 /* AppDelegate.swift */ = {isa = PBXFileReference; lastKnownFileType = sourcecode.swift; path = AppDelegate.swift; sourceTree = "<group>"; };
		67F387F327FE894D00480669 /* SceneDelegate.swift */ = {isa = PBXFileReference; lastKnownFileType = sourcecode.swift; path = SceneDelegate.swift; sourceTree = "<group>"; };
		67F387F527FE894D00480669 /* ViewController.swift */ = {isa = PBXFileReference; lastKnownFileType = sourcecode.swift; path = ViewController.swift; sourceTree = "<group>"; };
		67F387F827FE894D00480669 /* Base */ = {isa = PBXFileReference; lastKnownFileType = file.storyboard; name = Base; path = Base.lproj/Main.storyboard; sourceTree = "<group>"; };
		67F387FA27FE895000480669 /* Assets.xcassets */ = {isa = PBXFileReference; lastKnownFileType = folder.assetcatalog; path = Assets.xcassets; sourceTree = "<group>"; };
		67F387FD27FE895000480669 /* Base */ = {isa = PBXFileReference; lastKnownFileType = file.storyboard; name = Base; path = Base.lproj/LaunchScreen.storyboard; sourceTree = "<group>"; };
		67F387FF27FE895000480669 /* Info.plist */ = {isa = PBXFileReference; lastKnownFileType = text.plist.xml; path = Info.plist; sourceTree = "<group>"; };
		67F3880427FE895000480669 /* TeacherLinkTests.xctest */ = {isa = PBXFileReference; explicitFileType = wrapper.cfbundle; includeInIndex = 0; path = TeacherLinkTests.xctest; sourceTree = BUILT_PRODUCTS_DIR; };
		67F3880827FE895000480669 /* TeacherLinkTests.swift */ = {isa = PBXFileReference; lastKnownFileType = sourcecode.swift; path = TeacherLinkTests.swift; sourceTree = "<group>"; };
		67F3880E27FE895000480669 /* TeacherLinkUITests.xctest */ = {isa = PBXFileReference; explicitFileType = wrapper.cfbundle; includeInIndex = 0; path = TeacherLinkUITests.xctest; sourceTree = BUILT_PRODUCTS_DIR; };
		67F3881227FE895000480669 /* TeacherLinkUITests.swift */ = {isa = PBXFileReference; lastKnownFileType = sourcecode.swift; path = TeacherLinkUITests.swift; sourceTree = "<group>"; };
		67F3881427FE895000480669 /* TeacherLinkUITestsLaunchTests.swift */ = {isa = PBXFileReference; lastKnownFileType = sourcecode.swift; path = TeacherLinkUITestsLaunchTests.swift; sourceTree = "<group>"; };
/* End PBXFileReference section */

/* Begin PBXFrameworksBuildPhase section */
		67F387EB27FE894D00480669 /* Frameworks */ = {
			isa = PBXFrameworksBuildPhase;
			buildActionMask = 2147483647;
			files = (
			);
			runOnlyForDeploymentPostprocessing = 0;
		};
		67F3880127FE895000480669 /* Frameworks */ = {
			isa = PBXFrameworksBuildPhase;
			buildActionMask = 2147483647;
			files = (
			);
			runOnlyForDeploymentPostprocessing = 0;
		};
		67F3880B27FE895000480669 /* Frameworks */ = {
			isa = PBXFrameworksBuildPhase;
			buildActionMask = 2147483647;
			files = (
			);
			runOnlyForDeploymentPostprocessing = 0;
		};
/* End PBXFrameworksBuildPhase section */

/* Begin PBXGroup section */
		67F387E527FE894D00480669 = {
			isa = PBXGroup;
			children = (
				67F387F027FE894D00480669 /* TeacherLink */,
				67F3880727FE895000480669 /* TeacherLinkTests */,
				67F3881127FE895000480669 /* TeacherLinkUITests */,
				67F387EF27FE894D00480669 /* Products */,
			);
			sourceTree = "<group>";
		};
		67F387EF27FE894D00480669 /* Products */ = {
			isa = PBXGroup;
			children = (
				67F387EE27FE894D00480669 /* TeacherLink.app */,
				67F3880427FE895000480669 /* TeacherLinkTests.xctest */,
				67F3880E27FE895000480669 /* TeacherLinkUITests.xctest */,
			);
			name = Products;
			sourceTree = "<group>";
		};
		67F387F027FE894D00480669 /* TeacherLink */ = {
			isa = PBXGroup;
			children = (
				67F387F127FE894D00480669 /* AppDelegate.swift */,
				67F387F327FE894D00480669 /* SceneDelegate.swift */,
				67F387F527FE894D00480669 /* ViewController.swift */,
				67F387F727FE894D00480669 /* Main.storyboard */,
				67F387FA27FE895000480669 /* Assets.xcassets */,
				67F387FC27FE895000480669 /* LaunchScreen.storyboard */,
				67F387FF27FE895000480669 /* Info.plist */,
			);
			path = TeacherLink;
			sourceTree = "<group>";
		};
		67F3880727FE895000480669 /* TeacherLinkTests */ = {
			isa = PBXGroup;
			children = (
				67F3880827FE895000480669 /* TeacherLinkTests.swift */,
			);
			path = TeacherLinkTests;
			sourceTree = "<group>";
		};
		67F3881127FE895000480669 /* TeacherLinkUITests */ = {
			isa = PBXGroup;
			children = (
				67F3881227FE895000480669 /* TeacherLinkUITests.swift */,
				67F3881427FE895000480669 /* TeacherLinkUITestsLaunchTests.swift */,
			);
			path = TeacherLinkUITests;
			sourceTree = "<group>";
		};
/* End PBXGroup section */

/* Begin PBXNativeTarget section */
		67F387ED27FE894D00480669 /* TeacherLink */ = {
			isa = PBXNativeTarget;
			buildConfigurationList = 67F3881827FE895000480669 /* Build configuration list for PBXNativeTarget "TeacherLink" */;
			buildPhases = (
				67F387EA27FE894D00480669 /* Sources */,
				67F387EB27FE894D00480669 /* Frameworks */,
				67F387EC27FE894D00480669 /* Resources */,
			);
			buildRules = (
			);
			dependencies = (
			);
			name = TeacherLink;
			productName = TeacherLink;
			productReference = 67F387EE27FE894D00480669 /* TeacherLink.app */;
			productType = "com.apple.product-type.application";
		};
		67F3880327FE895000480669 /* TeacherLinkTests */ = {
			isa = PBXNativeTarget;
			buildConfigurationList = 67F3881B27FE895000480669 /* Build configuration list for PBXNativeTarget "TeacherLinkTests" */;
			buildPhases = (
				67F3880027FE895000480669 /* Sources */,
				67F3880127FE895000480669 /* Frameworks */,
				67F3880227FE895000480669 /* Resources */,
			);
			buildRules = (
			);
			dependencies = (
				67F3880627FE895000480669 /* PBXTargetDependency */,
			);
			name = TeacherLinkTests;
			productName = TeacherLinkTests;
			productReference = 67F3880427FE895000480669 /* TeacherLinkTests.xctest */;
			productType = "com.apple.product-type.bundle.unit-test";
		};
		67F3880D27FE895000480669 /* TeacherLinkUITests */ = {
			isa = PBXNativeTarget;
			buildConfigurationList = 67F3881E27FE895000480669 /* Build configuration list for PBXNativeTarget "TeacherLinkUITests" */;
			buildPhases = (
				67F3880A27FE895000480669 /* Sources */,
				67F3880B27FE895000480669 /* Frameworks */,
				67F3880C27FE895000480669 /* Resources */,
			);
			buildRules = (
			);
			dependencies = (
				67F3881027FE895000480669 /* PBXTargetDependency */,
			);
			name = TeacherLinkUITests;
			productName = TeacherLinkUITests;
			productReference = 67F3880E27FE895000480669 /* TeacherLinkUITests.xctest */;
			productType = "com.apple.product-type.bundle.ui-testing";
		};
/* End PBXNativeTarget section */

/* Begin PBXProject section */
		67F387E627FE894D00480669 /* Project object */ = {
			isa = PBXProject;
			attributes = {
				BuildIndependentTargetsInParallel = 1;
				LastSwiftUpdateCheck = 1330;
				LastUpgradeCheck = 1330;
				TargetAttributes = {
					67F387ED27FE894D00480669 = {
						CreatedOnToolsVersion = 13.3;
					};
					67F3880327FE895000480669 = {
						CreatedOnToolsVersion = 13.3;
						TestTargetID = 67F387ED27FE894D00480669;
					};
					67F3880D27FE895000480669 = {
						CreatedOnToolsVersion = 13.3;
						TestTargetID = 67F387ED27FE894D00480669;
					};
				};
			};
			buildConfigurationList = 67F387E927FE894D00480669 /* Build configuration list for PBXProject "TeacherLink" */;
			compatibilityVersion = "Xcode 13.0";
			developmentRegion = en;
			hasScannedForEncodings = 0;
			knownRegions = (
				en,
				Base,
			);
			mainGroup = 67F387E527FE894D00480669;
			productRefGroup = 67F387EF27FE894D00480669 /* Products */;
			projectDirPath = "";
			projectRoot = "";
			targets = (
				67F387ED27FE894D00480669 /* TeacherLink */,
				67F3880327FE895000480669 /* TeacherLinkTests */,
				67F3880D27FE895000480669 /* TeacherLinkUITests */,
			);
		};
/* End PBXProject section */

/* Begin PBXResourcesBuildPhase section */
		67F387EC27FE894D00480669 /* Resources */ = {
			isa = PBXResourcesBuildPhase;
			buildActionMask = 2147483647;
			files = (
				67F387FE27FE895000480669 /* LaunchScreen.storyboard in Resources */,
				67F387FB27FE895000480669 /* Assets.xcassets in Resources */,
				67F387F927FE894D00480669 /* Main.storyboard in Resources */,
			);
			runOnlyForDeploymentPostprocessing = 0;
		};
		67F3880227FE895000480669 /* Resources */ = {
			isa = PBXResourcesBuildPhase;
			buildActionMask = 2147483647;
			files = (
			);
			runOnlyForDeploymentPostprocessing = 0;
		};
		67F3880C27FE895000480669 /* Resources */ = {
			isa = PBXResourcesBuildPhase;
			buildActionMask = 2147483647;
			files = (
			);
			runOnlyForDeploymentPostprocessing = 0;
		};
/* End PBXResourcesBuildPhase section */

/* Begin PBXSourcesBuildPhase section */
		67F387EA27FE894D00480669 /* Sources */ = {
			isa = PBXSourcesBuildPhase;
			buildActionMask = 2147483647;
			files = (
				67F387F627FE894D00480669 /* ViewController.swift in Sources */,
				67F387F227FE894D00480669 /* AppDelegate.swift in Sources */,
				67F387F427FE894D00480669 /* SceneDelegate.swift in Sources */,
			);
			runOnlyForDeploymentPostprocessing = 0;
		};
		67F3880027FE895000480669 /* Sources */ = {
			isa = PBXSourcesBuildPhase;
			buildActionMask = 2147483647;
			files = (
				67F3880927FE895000480669 /* TeacherLinkTests.swift in Sources */,
			);
			runOnlyForDeploymentPostprocessing = 0;
		};
		67F3880A27FE895000480669 /* Sources */ = {
			isa = PBXSourcesBuildPhase;
			buildActionMask = 2147483647;
			files = (
				67F3881327FE895000480669 /* TeacherLinkUITests.swift in Sources */,
				67F3881527FE895000480669 /* TeacherLinkUITestsLaunchTests.swift in Sources */,
			);
			runOnlyForDeploymentPostprocessing = 0;
		};
/* End PBXSourcesBuildPhase section */

/* Begin PBXTargetDependency section */
		67F3880627FE895000480669 /* PBXTargetDependency */ = {
			isa = PBXTargetDependency;
			target = 67F387ED27FE894D00480669 /* TeacherLink */;
			targetProxy = 67F3880527FE895000480669 /* PBXContainerItemProxy */;
		};
		67F3881027FE895000480669 /* PBXTargetDependency */ = {
			isa = PBXTargetDependency;
			target = 67F387ED27FE894D00480669 /* TeacherLink */;
			targetProxy = 67F3880F27FE895000480669 /* PBXContainerItemProxy */;
		};
/* End PBXTargetDependency section */

/* Begin PBXVariantGroup section */
		67F387F727FE894D00480669 /* Main.storyboard */ = {
			isa = PBXVariantGroup;
			children = (
				67F387F827FE894D00480669 /* Base */,
			);
			name = Main.storyboard;
			sourceTree = "<group>";
		};
		67F387FC27FE895000480669 /* LaunchScreen.storyboard */ = {
			isa = PBXVariantGroup;
			children = (
				67F387FD27FE895000480669 /* Base */,
			);
			name = LaunchScreen.storyboard;
			sourceTree = "<group>";
		};
/* End PBXVariantGroup section */

/* Begin XCBuildConfiguration section */
		67F3881627FE895000480669 /* Debug */ = {
			isa = XCBuildConfiguration;
			buildSettings = {
				ALWAYS_SEARCH_USER_PATHS = NO;
				CLANG_ANALYZER_NONNULL = YES;
				CLANG_ANALYZER_NUMBER_OBJECT_CONVERSION = YES_AGGRESSIVE;
				CLANG_CXX_LANGUAGE_STANDARD = "gnu++17";
				CLANG_ENABLE_MODULES = YES;
				CLANG_ENABLE_OBJC_ARC = YES;
				CLANG_ENABLE_OBJC_WEAK = YES;
				CLANG_WARN_BLOCK_CAPTURE_AUTORELEASING = YES;
				CLANG_WARN_BOOL_CONVERSION = YES;
				CLANG_WARN_COMMA = YES;
				CLANG_WARN_CONSTANT_CONVERSION = YES;
				CLANG_WARN_DEPRECATED_OBJC_IMPLEMENTATIONS = YES;
				CLANG_WARN_DIRECT_OBJC_ISA_USAGE = YES_ERROR;
				CLANG_WARN_DOCUMENTATION_COMMENTS = YES;
				CLANG_WARN_EMPTY_BODY = YES;
				CLANG_WARN_ENUM_CONVERSION = YES;
				CLANG_WARN_INFINITE_RECURSION = YES;
				CLANG_WARN_INT_CONVERSION = YES;
				CLANG_WARN_NON_LITERAL_NULL_CONVERSION = YES;
				CLANG_WARN_OBJC_IMPLICIT_RETAIN_SELF = YES;
				CLANG_WARN_OBJC_LITERAL_CONVERSION = YES;
				CLANG_WARN_OBJC_ROOT_CLASS = YES_ERROR;
				CLANG_WARN_QUOTED_INCLUDE_IN_FRAMEWORK_HEADER = YES;
				CLANG_WARN_RANGE_LOOP_ANALYSIS = YES;
				CLANG_WARN_STRICT_PROTOTYPES = YES;
				CLANG_WARN_SUSPICIOUS_MOVE = YES;
				CLANG_WARN_UNGUARDED_AVAILABILITY = YES_AGGRESSIVE;
				CLANG_WARN_UNREACHABLE_CODE = YES;
				CLANG_WARN__DUPLICATE_METHOD_MATCH = YES;
				COPY_PHASE_STRIP = NO;
				DEBUG_INFORMATION_FORMAT = dwarf;
				ENABLE_STRICT_OBJC_MSGSEND = YES;
				ENABLE_TESTABILITY = YES;
				GCC_C_LANGUAGE_STANDARD = gnu11;
				GCC_DYNAMIC_NO_PIC = NO;
				GCC_NO_COMMON_BLOCKS = YES;
				GCC_OPTIMIZATION_LEVEL = 0;
				GCC_PREPROCESSOR_DEFINITIONS = (
					"DEBUG=1",
					"$(inherited)",
				);
				GCC_WARN_64_TO_32_BIT_CONVERSION = YES;
				GCC_WARN_ABOUT_RETURN_TYPE = YES_ERROR;
				GCC_WARN_UNDECLARED_SELECTOR = YES;
				GCC_WARN_UNINITIALIZED_AUTOS = YES_AGGRESSIVE;
				GCC_WARN_UNUSED_FUNCTION = YES;
				GCC_WARN_UNUSED_VARIABLE = YES;
				IPHONEOS_DEPLOYMENT_TARGET = 15.4;
				MTL_ENABLE_DEBUG_INFO = INCLUDE_SOURCE;
				MTL_FAST_MATH = YES;
				ONLY_ACTIVE_ARCH = YES;
				SDKROOT = iphoneos;
				SWIFT_ACTIVE_COMPILATION_CONDITIONS = DEBUG;
				SWIFT_OPTIMIZATION_LEVEL = "-Onone";
			};
			name = Debug;
		};
		67F3881727FE895000480669 /* Release */ = {
			isa = XCBuildConfiguration;
			buildSettings = {
				ALWAYS_SEARCH_USER_PATHS = NO;
				CLANG_ANALYZER_NONNULL = YES;
				CLANG_ANALYZER_NUMBER_OBJECT_CONVERSION = YES_AGGRESSIVE;
				CLANG_CXX_LANGUAGE_STANDARD = "gnu++17";
				CLANG_ENABLE_MODULES = YES;
				CLANG_ENABLE_OBJC_ARC = YES;
				CLANG_ENABLE_OBJC_WEAK = YES;
				CLANG_WARN_BLOCK_CAPTURE_AUTORELEASING = YES;
				CLANG_WARN_BOOL_CONVERSION = YES;
				CLANG_WARN_COMMA = YES;
				CLANG_WARN_CONSTANT_CONVERSION = YES;
				CLANG_WARN_DEPRECATED_OBJC_IMPLEMENTATIONS = YES;
				CLANG_WARN_DIRECT_OBJC_ISA_USAGE = YES_ERROR;
				CLANG_WARN_DOCUMENTATION_COMMENTS = YES;
				CLANG_WARN_EMPTY_BODY = YES;
				CLANG_WARN_ENUM_CONVERSION = YES;
				CLANG_WARN_INFINITE_RECURSION = YES;
				CLANG_WARN_INT_CONVERSION = YES;
				CLANG_WARN_NON_LITERAL_NULL_CONVERSION = YES;
				CLANG_WARN_OBJC_IMPLICIT_RETAIN_SELF = YES;
				CLANG_WARN_OBJC_LITERAL_CONVERSION = YES;
				CLANG_WARN_OBJC_ROOT_CLASS = YES_ERROR;
				CLANG_WARN_QUOTED_INCLUDE_IN_FRAMEWORK_HEADER = YES;
				CLANG_WARN_RANGE_LOOP_ANALYSIS = YES;
				CLANG_WARN_STRICT_PROTOTYPES = YES;
				CLANG_WARN_SUSPICIOUS_MOVE = YES;
				CLANG_WARN_UNGUARDED_AVAILABILITY = YES_AGGRESSIVE;
				CLANG_WARN_UNREACHABLE_CODE = YES;
				CLANG_WARN__DUPLICATE_METHOD_MATCH = YES;
				COPY_PHASE_STRIP = NO;
				DEBUG_INFORMATION_FORMAT = "dwarf-with-dsym";
				ENABLE_NS_ASSERTIONS = NO;
				ENABLE_STRICT_OBJC_MSGSEND = YES;
				GCC_C_LANGUAGE_STANDARD = gnu11;
				GCC_NO_COMMON_BLOCKS = YES;
				GCC_WARN_64_TO_32_BIT_CONVERSION = YES;
				GCC_WARN_ABOUT_RETURN_TYPE = YES_ERROR;
				GCC_WARN_UNDECLARED_SELECTOR = YES;
				GCC_WARN_UNINITIALIZED_AUTOS = YES_AGGRESSIVE;
				GCC_WARN_UNUSED_FUNCTION = YES;
				GCC_WARN_UNUSED_VARIABLE = YES;
				IPHONEOS_DEPLOYMENT_TARGET = 15.4;
				MTL_ENABLE_DEBUG_INFO = NO;
				MTL_FAST_MATH = YES;
				SDKROOT = iphoneos;
				SWIFT_COMPILATION_MODE = wholemodule;
				SWIFT_OPTIMIZATION_LEVEL = "-O";
				VALIDATE_PRODUCT = YES;
			};
			name = Release;
		};
		67F3881927FE895000480669 /* Debug */ = {
			isa = XCBuildConfiguration;
			buildSettings = {
				ASSETCATALOG_COMPILER_APPICON_NAME = AppIcon;
				ASSETCATALOG_COMPILER_GLOBAL_ACCENT_COLOR_NAME = AccentColor;
				CODE_SIGN_STYLE = Automatic;
				CURRENT_PROJECT_VERSION = 1;
				GENERATE_INFOPLIST_FILE = YES;
				INFOPLIST_FILE = TeacherLink/Info.plist;
				INFOPLIST_KEY_UIApplicationSupportsIndirectInputEvents = YES;
				INFOPLIST_KEY_UILaunchStoryboardName = LaunchScreen;
				INFOPLIST_KEY_UIMainStoryboardFile = Main;
				INFOPLIST_KEY_UISupportedInterfaceOrientations_iPad = "UIInterfaceOrientationPortrait UIInterfaceOrientationPortraitUpsideDown UIInterfaceOrientationLandscapeLeft UIInterfaceOrientationLandscapeRight";
				INFOPLIST_KEY_UISupportedInterfaceOrientations_iPhone = "UIInterfaceOrientationPortrait UIInterfaceOrientationLandscapeLeft UIInterfaceOrientationLandscapeRight";
				LD_RUNPATH_SEARCH_PATHS = (
					"$(inherited)",
					"@executable_path/Frameworks",
				);
				MARKETING_VERSION = 1.0;
				PRODUCT_BUNDLE_IDENTIFIER = com.BriandaCruz.TeacherLink;
				PRODUCT_NAME = "$(TARGET_NAME)";
				SWIFT_EMIT_LOC_STRINGS = YES;
				SWIFT_VERSION = 5.0;
				TARGETED_DEVICE_FAMILY = "1,2";
			};
			name = Debug;
		};
		67F3881A27FE895000480669 /* Release */ = {
			isa = XCBuildConfiguration;
			buildSettings = {
				ASSETCATALOG_COMPILER_APPICON_NAME = AppIcon;
				ASSETCATALOG_COMPILER_GLOBAL_ACCENT_COLOR_NAME = AccentColor;
				CODE_SIGN_STYLE = Automatic;
				CURRENT_PROJECT_VERSION = 1;
				GENERATE_INFOPLIST_FILE = YES;
				INFOPLIST_FILE = TeacherLink/Info.plist;
				INFOPLIST_KEY_UIApplicationSupportsIndirectInputEvents = YES;
				INFOPLIST_KEY_UILaunchStoryboardName = LaunchScreen;
				INFOPLIST_KEY_UIMainStoryboardFile = Main;
				INFOPLIST_KEY_UISupportedInterfaceOrientations_iPad = "UIInterfaceOrientationPortrait UIInterfaceOrientationPortraitUpsideDown UIInterfaceOrientationLandscapeLeft UIInterfaceOrientationLandscapeRight";
				INFOPLIST_KEY_UISupportedInterfaceOrientations_iPhone = "UIInterfaceOrientationPortrait UIInterfaceOrientationLandscapeLeft UIInterfaceOrientationLandscapeRight";
				LD_RUNPATH_SEARCH_PATHS = (
					"$(inherited)",
					"@executable_path/Frameworks",
				);
				MARKETING_VERSION = 1.0;
				PRODUCT_BUNDLE_IDENTIFIER = com.BriandaCruz.TeacherLink;
				PRODUCT_NAME = "$(TARGET_NAME)";
				SWIFT_EMIT_LOC_STRINGS = YES;
				SWIFT_VERSION = 5.0;
				TARGETED_DEVICE_FAMILY = "1,2";
			};
			name = Release;
		};
		67F3881C27FE895000480669 /* Debug */ = {
			isa = XCBuildConfiguration;
			buildSettings = {
				ALWAYS_EMBED_SWIFT_STANDARD_LIBRARIES = YES;
				BUNDLE_LOADER = "$(TEST_HOST)";
				CODE_SIGN_STYLE = Automatic;
				CURRENT_PROJECT_VERSION = 1;
				GENERATE_INFOPLIST_FILE = YES;
				IPHONEOS_DEPLOYMENT_TARGET = 15.4;
				MARKETING_VERSION = 1.0;
				PRODUCT_BUNDLE_IDENTIFIER = com.BriandaCruz.TeacherLinkTests;
				PRODUCT_NAME = "$(TARGET_NAME)";
				SWIFT_EMIT_LOC_STRINGS = NO;
				SWIFT_VERSION = 5.0;
				TARGETED_DEVICE_FAMILY = "1,2";
				TEST_HOST = "$(BUILT_PRODUCTS_DIR)/TeacherLink.app/TeacherLink";
			};
			name = Debug;
		};
		67F3881D27FE895000480669 /* Release */ = {
			isa = XCBuildConfiguration;
			buildSettings = {
				ALWAYS_EMBED_SWIFT_STANDARD_LIBRARIES = YES;
				BUNDLE_LOADER = "$(TEST_HOST)";
				CODE_SIGN_STYLE = Automatic;
				CURRENT_PROJECT_VERSION = 1;
				GENERATE_INFOPLIST_FILE = YES;
				IPHONEOS_DEPLOYMENT_TARGET = 15.4;
				MARKETING_VERSION = 1.0;
				PRODUCT_BUNDLE_IDENTIFIER = com.BriandaCruz.TeacherLinkTests;
				PRODUCT_NAME = "$(TARGET_NAME)";
				SWIFT_EMIT_LOC_STRINGS = NO;
				SWIFT_VERSION = 5.0;
				TARGETED_DEVICE_FAMILY = "1,2";
				TEST_HOST = "$(BUILT_PRODUCTS_DIR)/TeacherLink.app/TeacherLink";
			};
			name = Release;
		};
		67F3881F27FE895000480669 /* Debug */ = {
			isa = XCBuildConfiguration;
			buildSettings = {
				ALWAYS_EMBED_SWIFT_STANDARD_LIBRARIES = YES;
				CODE_SIGN_STYLE = Automatic;
				CURRENT_PROJECT_VERSION = 1;
				GENERATE_INFOPLIST_FILE = YES;
				MARKETING_VERSION = 1.0;
				PRODUCT_BUNDLE_IDENTIFIER = com.BriandaCruz.TeacherLinkUITests;
				PRODUCT_NAME = "$(TARGET_NAME)";
				SWIFT_EMIT_LOC_STRINGS = NO;
				SWIFT_VERSION = 5.0;
				TARGETED_DEVICE_FAMILY = "1,2";
				TEST_TARGET_NAME = TeacherLink;
			};
			name = Debug;
		};
		67F3882027FE895000480669 /* Release */ = {
			isa = XCBuildConfiguration;
			buildSettings = {
				ALWAYS_EMBED_SWIFT_STANDARD_LIBRARIES = YES;
				CODE_SIGN_STYLE = Automatic;
				CURRENT_PROJECT_VERSION = 1;
				GENERATE_INFOPLIST_FILE = YES;
				MARKETING_VERSION = 1.0;
				PRODUCT_BUNDLE_IDENTIFIER = com.BriandaCruz.TeacherLinkUITests;
				PRODUCT_NAME = "$(TARGET_NAME)";
				SWIFT_EMIT_LOC_STRINGS = NO;
				SWIFT_VERSION = 5.0;
				TARGETED_DEVICE_FAMILY = "1,2";
				TEST_TARGET_NAME = TeacherLink;
			};
			name = Release;
		};
/* End XCBuildConfiguration section */

/* Begin XCConfigurationList section */
		67F387E927FE894D00480669 /* Build configuration list for PBXProject "TeacherLink" */ = {
			isa = XCConfigurationList;
			buildConfigurations = (
				67F3881627FE895000480669 /* Debug */,
				67F3881727FE895000480669 /* Release */,
			);
			defaultConfigurationIsVisible = 0;
			defaultConfigurationName = Release;
		};
		67F3881827FE895000480669 /* Build configuration list for PBXNativeTarget "TeacherLink" */ = {
			isa = XCConfigurationList;
			buildConfigurations = (
				67F3881927FE895000480669 /* Debug */,
				67F3881A27FE895000480669 /* Release */,
			);
			defaultConfigurationIsVisible = 0;
			defaultConfigurationName = Release;
		};
		67F3881B27FE895000480669 /* Build configuration list for PBXNativeTarget "TeacherLinkTests" */ = {
			isa = XCConfigurationList;
			buildConfigurations = (
				67F3881C27FE895000480669 /* Debug */,
				67F3881D27FE895000480669 /* Release */,
			);
			defaultConfigurationIsVisible = 0;
			defaultConfigurationName = Release;
		};
		67F3881E27FE895000480669 /* Build configuration list for PBXNativeTarget "TeacherLinkUITests" */ = {
			isa = XCConfigurationList;
			buildConfigurations = (
				67F3881F27FE895000480669 /* Debug */,
				67F3882027FE895000480669 /* Release */,
			);
			defaultConfigurationIsVisible = 0;
			defaultConfigurationName = Release;
		};
/* End XCConfigurationList section */
	};
	rootObject = 67F387E627FE894D00480669 /* Project object */;
}
